// !$*UTF8*$!
{
	archiveVersion = 1;
	classes = {
	};
	objectVersion = 77;
	objects = {

/* Begin PBXBuildFile section */
		C2210B412EE5B0A100CF6A89 /* TimerContentView.swift in Sources */ = {isa = PBXBuildFile; fileRef = C2210B402EE5B0A100CF6A89 /* TimerContentView.swift */; };
		C2210B432EE5CA5A00CF6A89 /* EditableText.swift in Sources */ = {isa = PBXBuildFile; fileRef = C2210B422EE5CA5A00CF6A89 /* EditableText.swift */; };
		C2210B452EE769D100CF6A89 /* Utils.swift in Sources */ = {isa = PBXBuildFile; fileRef = C2210B442EE769D100CF6A89 /* Utils.swift */; };
/* End PBXBuildFile section */

/* Begin PBXContainerItemProxy section */
		C2210B132EE595B000CF6A89 /* PBXContainerItemProxy */ = {
			isa = PBXContainerItemProxy;
			containerPortal = C2210AFC2EE595AE00CF6A89 /* Project object */;
			proxyType = 1;
			remoteGlobalIDString = C2210B032EE595AE00CF6A89;
			remoteInfo = "Overlay Timer 2";
		};
		C2210B1D2EE595B000CF6A89 /* PBXContainerItemProxy */ = {
			isa = PBXContainerItemProxy;
			containerPortal = C2210AFC2EE595AE00CF6A89 /* Project object */;
			proxyType = 1;
			remoteGlobalIDString = C2210B032EE595AE00CF6A89;
			remoteInfo = "Overlay Timer 2";
		};
/* End PBXContainerItemProxy section */

/* Begin PBXFileReference section */
		C2210B042EE595AE00CF6A89 /* Overlay Timer 2.app */ = {isa = PBXFileReference; explicitFileType = wrapper.application; includeInIndex = 0; path = "Overlay Timer 2.app"; sourceTree = BUILT_PRODUCTS_DIR; };
		C2210B122EE595B000CF6A89 /* Overlay Timer 2Tests.xctest */ = {isa = PBXFileReference; explicitFileType = wrapper.cfbundle; includeInIndex = 0; path = "Overlay Timer 2Tests.xctest"; sourceTree = BUILT_PRODUCTS_DIR; };
		C2210B1C2EE595B000CF6A89 /* Overlay Timer 2UITests.xctest */ = {isa = PBXFileReference; explicitFileType = wrapper.cfbundle; includeInIndex = 0; path = "Overlay Timer 2UITests.xctest"; sourceTree = BUILT_PRODUCTS_DIR; };
		C2210B402EE5B0A100CF6A89 /* TimerContentView.swift */ = {isa = PBXFileReference; lastKnownFileType = sourcecode.swift; path = TimerContentView.swift; sourceTree = "<group>"; };
		C2210B422EE5CA5A00CF6A89 /* EditableText.swift */ = {isa = PBXFileReference; lastKnownFileType = sourcecode.swift; path = EditableText.swift; sourceTree = "<group>"; };
		C2210B442EE769D100CF6A89 /* Utils.swift */ = {isa = PBXFileReference; lastKnownFileType = sourcecode.swift; path = Utils.swift; sourceTree = "<group>"; };
/* End PBXFileReference section */

/* Begin PBXFileSystemSynchronizedRootGroup section */
		C2210B062EE595AE00CF6A89 /* Overlay Timer 2 */ = {
			isa = PBXFileSystemSynchronizedRootGroup;
			path = "Overlay Timer 2";
			sourceTree = "<group>";
		};
		C2210B152EE595B000CF6A89 /* Overlay Timer 2Tests */ = {
			isa = PBXFileSystemSynchronizedRootGroup;
			path = "Overlay Timer 2Tests";
			sourceTree = "<group>";
		};
		C2210B1F2EE595B000CF6A89 /* Overlay Timer 2UITests */ = {
			isa = PBXFileSystemSynchronizedRootGroup;
			path = "Overlay Timer 2UITests";
			sourceTree = "<group>";
		};
/* End PBXFileSystemSynchronizedRootGroup section */

/* Begin PBXFrameworksBuildPhase section */
		C2210B012EE595AE00CF6A89 /* Frameworks */ = {
			isa = PBXFrameworksBuildPhase;
			buildActionMask = 2147483647;
			files = (
			);
			runOnlyForDeploymentPostprocessing = 0;
		};
		C2210B0F2EE595B000CF6A89 /* Frameworks */ = {
			isa = PBXFrameworksBuildPhase;
			buildActionMask = 2147483647;
			files = (
			);
			runOnlyForDeploymentPostprocessing = 0;
		};
		C2210B192EE595B000CF6A89 /* Frameworks */ = {
			isa = PBXFrameworksBuildPhase;
			buildActionMask = 2147483647;
			files = (
			);
			runOnlyForDeploymentPostprocessing = 0;
		};
/* End PBXFrameworksBuildPhase section */

/* Begin PBXGroup section */
		C2210AFB2EE595AE00CF6A89 = {
			isa = PBXGroup;
			children = (
				C2210B422EE5CA5A00CF6A89 /* EditableText.swift */,
				C2210B402EE5B0A100CF6A89 /* TimerContentView.swift */,
				C2210B442EE769D100CF6A89 /* Utils.swift */,
				C2210B062EE595AE00CF6A89 /* Overlay Timer 2 */,
				C2210B152EE595B000CF6A89 /* Overlay Timer 2Tests */,
				C2210B1F2EE595B000CF6A89 /* Overlay Timer 2UITests */,
				C2210B052EE595AE00CF6A89 /* Products */,
			);
			sourceTree = "<group>";
		};
		C2210B052EE595AE00CF6A89 /* Products */ = {
			isa = PBXGroup;
			children = (
				C2210B042EE595AE00CF6A89 /* Overlay Timer 2.app */,
				C2210B122EE595B000CF6A89 /* Overlay Timer 2Tests.xctest */,
				C2210B1C2EE595B000CF6A89 /* Overlay Timer 2UITests.xctest */,
			);
			name = Products;
			sourceTree = "<group>";
		};
/* End PBXGroup section */

/* Begin PBXNativeTarget section */
		C2210B032EE595AE00CF6A89 /* Overlay Timer 2 */ = {
			isa = PBXNativeTarget;
			buildConfigurationList = C2210B262EE595B000CF6A89 /* Build configuration list for PBXNativeTarget "Overlay Timer 2" */;
			buildPhases = (
				C2210B002EE595AE00CF6A89 /* Sources */,
				C2210B012EE595AE00CF6A89 /* Frameworks */,
				C2210B022EE595AE00CF6A89 /* Resources */,
			);
			buildRules = (
			);
			dependencies = (
			);
			fileSystemSynchronizedGroups = (
				C2210B062EE595AE00CF6A89 /* Overlay Timer 2 */,
			);
			name = "Overlay Timer 2";
			packageProductDependencies = (
			);
			productName = "Overlay Timer 2";
			productReference = C2210B042EE595AE00CF6A89 /* Overlay Timer 2.app */;
			productType = "com.apple.product-type.application";
		};
		C2210B112EE595B000CF6A89 /* Overlay Timer 2Tests */ = {
			isa = PBXNativeTarget;
			buildConfigurationList = C2210B292EE595B000CF6A89 /* Build configuration list for PBXNativeTarget "Overlay Timer 2Tests" */;
			buildPhases = (
				C2210B0E2EE595B000CF6A89 /* Sources */,
				C2210B0F2EE595B000CF6A89 /* Frameworks */,
				C2210B102EE595B000CF6A89 /* Resources */,
			);
			buildRules = (
			);
			dependencies = (
				C2210B142EE595B000CF6A89 /* PBXTargetDependency */,
			);
			fileSystemSynchronizedGroups = (
				C2210B152EE595B000CF6A89 /* Overlay Timer 2Tests */,
			);
			name = "Overlay Timer 2Tests";
			packageProductDependencies = (
			);
			productName = "Overlay Timer 2Tests";
			productReference = C2210B122EE595B000CF6A89 /* Overlay Timer 2Tests.xctest */;
			productType = "com.apple.product-type.bundle.unit-test";
		};
		C2210B1B2EE595B000CF6A89 /* Overlay Timer 2UITests */ = {
			isa = PBXNativeTarget;
			buildConfigurationList = C2210B2C2EE595B000CF6A89 /* Build configuration list for PBXNativeTarget "Overlay Timer 2UITests" */;
			buildPhases = (
				C2210B182EE595B000CF6A89 /* Sources */,
				C2210B192EE595B000CF6A89 /* Frameworks */,
				C2210B1A2EE595B000CF6A89 /* Resources */,
			);
			buildRules = (
			);
			dependencies = (
				C2210B1E2EE595B000CF6A89 /* PBXTargetDependency */,
			);
			fileSystemSynchronizedGroups = (
				C2210B1F2EE595B000CF6A89 /* Overlay Timer 2UITests */,
			);
			name = "Overlay Timer 2UITests";
			packageProductDependencies = (
			);
			productName = "Overlay Timer 2UITests";
			productReference = C2210B1C2EE595B000CF6A89 /* Overlay Timer 2UITests.xctest */;
			productType = "com.apple.product-type.bundle.ui-testing";
		};
/* End PBXNativeTarget section */

/* Begin PBXProject section */
		C2210AFC2EE595AE00CF6A89 /* Project object */ = {
			isa = PBXProject;
			attributes = {
				BuildIndependentTargetsInParallel = 1;
				LastSwiftUpdateCheck = 1640;
				LastUpgradeCheck = 1640;
				TargetAttributes = {
					C2210B032EE595AE00CF6A89 = {
						CreatedOnToolsVersion = 16.4;
					};
					C2210B112EE595B000CF6A89 = {
						CreatedOnToolsVersion = 16.4;
						TestTargetID = C2210B032EE595AE00CF6A89;
					};
					C2210B1B2EE595B000CF6A89 = {
						CreatedOnToolsVersion = 16.4;
						TestTargetID = C2210B032EE595AE00CF6A89;
					};
				};
			};
			buildConfigurationList = C2210AFF2EE595AE00CF6A89 /* Build configuration list for PBXProject "Overlay Timer 2" */;
			developmentRegion = en;
			hasScannedForEncodings = 0;
			knownRegions = (
				en,
				Base,
			);
			mainGroup = C2210AFB2EE595AE00CF6A89;
			minimizedProjectReferenceProxies = 1;
			preferredProjectObjectVersion = 77;
			productRefGroup = C2210B052EE595AE00CF6A89 /* Products */;
			projectDirPath = "";
			projectRoot = "";
			targets = (
				C2210B032EE595AE00CF6A89 /* Overlay Timer 2 */,
				C2210B112EE595B000CF6A89 /* Overlay Timer 2Tests */,
				C2210B1B2EE595B000CF6A89 /* Overlay Timer 2UITests */,
			);
		};
/* End PBXProject section */

/* Begin PBXResourcesBuildPhase section */
		C2210B022EE595AE00CF6A89 /* Resources */ = {
			isa = PBXResourcesBuildPhase;
			buildActionMask = 2147483647;
			files = (
			);
			runOnlyForDeploymentPostprocessing = 0;
		};
		C2210B102EE595B000CF6A89 /* Resources */ = {
			isa = PBXResourcesBuildPhase;
			buildActionMask = 2147483647;
			files = (
			);
			runOnlyForDeploymentPostprocessing = 0;
		};
		C2210B1A2EE595B000CF6A89 /* Resources */ = {
			isa = PBXResourcesBuildPhase;
			buildActionMask = 2147483647;
			files = (
			);
			runOnlyForDeploymentPostprocessing = 0;
		};
/* End PBXResourcesBuildPhase section */

/* Begin PBXSourcesBuildPhase section */
		C2210B002EE595AE00CF6A89 /* Sources */ = {
			isa = PBXSourcesBuildPhase;
			buildActionMask = 2147483647;
			files = (
				C2210B412EE5B0A100CF6A89 /* TimerContentView.swift in Sources */,
				C2210B452EE769D100CF6A89 /* Utils.swift in Sources */,
				C2210B432EE5CA5A00CF6A89 /* EditableText.swift in Sources */,
			);
			runOnlyForDeploymentPostprocessing = 0;
		};
		C2210B0E2EE595B000CF6A89 /* Sources */ = {
			isa = PBXSourcesBuildPhase;
			buildActionMask = 2147483647;
			files = (
			);
			runOnlyForDeploymentPostprocessing = 0;
		};
		C2210B182EE595B000CF6A89 /* Sources */ = {
			isa = PBXSourcesBuildPhase;
			buildActionMask = 2147483647;
			files = (
			);
			runOnlyForDeploymentPostprocessing = 0;
		};
/* End PBXSourcesBuildPhase section */

/* Begin PBXTargetDependency section */
		C2210B142EE595B000CF6A89 /* PBXTargetDependency */ = {
			isa = PBXTargetDependency;
			target = C2210B032EE595AE00CF6A89 /* Overlay Timer 2 */;
			targetProxy = C2210B132EE595B000CF6A89 /* PBXContainerItemProxy */;
		};
		C2210B1E2EE595B000CF6A89 /* PBXTargetDependency */ = {
			isa = PBXTargetDependency;
			target = C2210B032EE595AE00CF6A89 /* Overlay Timer 2 */;
			targetProxy = C2210B1D2EE595B000CF6A89 /* PBXContainerItemProxy */;
		};
/* End PBXTargetDependency section */

/* Begin XCBuildConfiguration section */
		C2210B242EE595B000CF6A89 /* Debug */ = {
			isa = XCBuildConfiguration;
			buildSettings = {
				ALWAYS_SEARCH_USER_PATHS = NO;
				ASSETCATALOG_COMPILER_GENERATE_SWIFT_ASSET_SYMBOL_EXTENSIONS = YES;
				CLANG_ANALYZER_NONNULL = YES;
				CLANG_ANALYZER_NUMBER_OBJECT_CONVERSION = YES_AGGRESSIVE;
				CLANG_CXX_LANGUAGE_STANDARD = "gnu++20";
				CLANG_ENABLE_MODULES = YES;
				CLANG_ENABLE_OBJC_ARC = YES;
				CLANG_ENABLE_OBJC_WEAK = YES;
				CLANG_WARN_BLOCK_CAPTURE_AUTORELEASING = YES;
				CLANG_WARN_BOOL_CONVERSION = YES;
				CLANG_WARN_COMMA = YES;
				CLANG_WARN_CONSTANT_CONVERSION = YES;
				CLANG_WARN_DEPRECATED_OBJC_IMPLEMENTATIONS = YES;
				CLANG_WARN_DIRECT_OBJC_ISA_USAGE = YES_ERROR;
				CLANG_WARN_DOCUMENTATION_COMMENTS = YES;
				CLANG_WARN_EMPTY_BODY = YES;
				CLANG_WARN_ENUM_CONVERSION = YES;
				CLANG_WARN_INFINITE_RECURSION = YES;
				CLANG_WARN_INT_CONVERSION = YES;
				CLANG_WARN_NON_LITERAL_NULL_CONVERSION = YES;
				CLANG_WARN_OBJC_IMPLICIT_RETAIN_SELF = YES;
				CLANG_WARN_OBJC_LITERAL_CONVERSION = YES;
				CLANG_WARN_OBJC_ROOT_CLASS = YES_ERROR;
				CLANG_WARN_QUOTED_INCLUDE_IN_FRAMEWORK_HEADER = YES;
				CLANG_WARN_RANGE_LOOP_ANALYSIS = YES;
				CLANG_WARN_STRICT_PROTOTYPES = YES;
				CLANG_WARN_SUSPICIOUS_MOVE = YES;
				CLANG_WARN_UNGUARDED_AVAILABILITY = YES_AGGRESSIVE;
				CLANG_WARN_UNREACHABLE_CODE = YES;
				CLANG_WARN__DUPLICATE_METHOD_MATCH = YES;
				COPY_PHASE_STRIP = NO;
				DEBUG_INFORMATION_FORMAT = dwarf;
				ENABLE_STRICT_OBJC_MSGSEND = YES;
				ENABLE_TESTABILITY = YES;
				ENABLE_USER_SCRIPT_SANDBOXING = YES;
				GCC_C_LANGUAGE_STANDARD = gnu17;
				GCC_DYNAMIC_NO_PIC = NO;
				GCC_NO_COMMON_BLOCKS = YES;
				GCC_OPTIMIZATION_LEVEL = 0;
				GCC_PREPROCESSOR_DEFINITIONS = (
					"DEBUG=1",
					"$(inherited)",
				);
				GCC_WARN_64_TO_32_BIT_CONVERSION = YES;
				GCC_WARN_ABOUT_RETURN_TYPE = YES_ERROR;
				GCC_WARN_UNDECLARED_SELECTOR = YES;
				GCC_WARN_UNINITIALIZED_AUTOS = YES_AGGRESSIVE;
				GCC_WARN_UNUSED_FUNCTION = YES;
				GCC_WARN_UNUSED_VARIABLE = YES;
				INFOPLIST_KEY_LSUIElement = NO;
				LOCALIZATION_PREFERS_STRING_CATALOGS = YES;
				MACOSX_DEPLOYMENT_TARGET = 15.5;
				MTL_ENABLE_DEBUG_INFO = INCLUDE_SOURCE;
				MTL_FAST_MATH = YES;
				ONLY_ACTIVE_ARCH = YES;
				SDKROOT = macosx;
				SWIFT_ACTIVE_COMPILATION_CONDITIONS = "DEBUG $(inherited)";
				SWIFT_OPTIMIZATION_LEVEL = "-Onone";
			};
			name = Debug;
		};
		C2210B252EE595B000CF6A89 /* Release */ = {
			isa = XCBuildConfiguration;
			buildSettings = {
				ALWAYS_SEARCH_USER_PATHS = NO;
				ASSETCATALOG_COMPILER_GENERATE_SWIFT_ASSET_SYMBOL_EXTENSIONS = YES;
				CLANG_ANALYZER_NONNULL = YES;
				CLANG_ANALYZER_NUMBER_OBJECT_CONVERSION = YES_AGGRESSIVE;
				CLANG_CXX_LANGUAGE_STANDARD = "gnu++20";
				CLANG_ENABLE_MODULES = YES;
				CLANG_ENABLE_OBJC_ARC = YES;
				CLANG_ENABLE_OBJC_WEAK = YES;
				CLANG_WARN_BLOCK_CAPTURE_AUTORELEASING = YES;
				CLANG_WARN_BOOL_CONVERSION = YES;
				CLANG_WARN_COMMA = YES;
				CLANG_WARN_CONSTANT_CONVERSION = YES;
				CLANG_WARN_DEPRECATED_OBJC_IMPLEMENTATIONS = YES;
				CLANG_WARN_DIRECT_OBJC_ISA_USAGE = YES_ERROR;
				CLANG_WARN_DOCUMENTATION_COMMENTS = YES;
				CLANG_WARN_EMPTY_BODY = YES;
				CLANG_WARN_ENUM_CONVERSION = YES;
				CLANG_WARN_INFINITE_RECURSION = YES;
				CLANG_WARN_INT_CONVERSION = YES;
				CLANG_WARN_NON_LITERAL_NULL_CONVERSION = YES;
				CLANG_WARN_OBJC_IMPLICIT_RETAIN_SELF = YES;
				CLANG_WARN_OBJC_LITERAL_CONVERSION = YES;
				CLANG_WARN_OBJC_ROOT_CLASS = YES_ERROR;
				CLANG_WARN_QUOTED_INCLUDE_IN_FRAMEWORK_HEADER = YES;
				CLANG_WARN_RANGE_LOOP_ANALYSIS = YES;
				CLANG_WARN_STRICT_PROTOTYPES = YES;
				CLANG_WARN_SUSPICIOUS_MOVE = YES;
				CLANG_WARN_UNGUARDED_AVAILABILITY = YES_AGGRESSIVE;
				CLANG_WARN_UNREACHABLE_CODE = YES;
				CLANG_WARN__DUPLICATE_METHOD_MATCH = YES;
				COPY_PHASE_STRIP = NO;
				DEBUG_INFORMATION_FORMAT = "dwarf-with-dsym";
				ENABLE_NS_ASSERTIONS = NO;
				ENABLE_STRICT_OBJC_MSGSEND = YES;
				ENABLE_USER_SCRIPT_SANDBOXING = YES;
				GCC_C_LANGUAGE_STANDARD = gnu17;
				GCC_NO_COMMON_BLOCKS = YES;
				GCC_WARN_64_TO_32_BIT_CONVERSION = YES;
				GCC_WARN_ABOUT_RETURN_TYPE = YES_ERROR;
				GCC_WARN_UNDECLARED_SELECTOR = YES;
				GCC_WARN_UNINITIALIZED_AUTOS = YES_AGGRESSIVE;
				GCC_WARN_UNUSED_FUNCTION = YES;
				GCC_WARN_UNUSED_VARIABLE = YES;
				INFOPLIST_KEY_LSUIElement = NO;
				LOCALIZATION_PREFERS_STRING_CATALOGS = YES;
				MACOSX_DEPLOYMENT_TARGET = 15.5;
				MTL_ENABLE_DEBUG_INFO = NO;
				MTL_FAST_MATH = YES;
				SDKROOT = macosx;
				SWIFT_COMPILATION_MODE = wholemodule;
			};
			name = Release;
		};
		C2210B272EE595B000CF6A89 /* Debug */ = {
			isa = XCBuildConfiguration;
			buildSettings = {
				ASSETCATALOG_COMPILER_APPICON_NAME = AppIcon;
				ASSETCATALOG_COMPILER_GLOBAL_ACCENT_COLOR_NAME = AccentColor;
				CODE_SIGN_ENTITLEMENTS = "Overlay Timer 2/Overlay_Timer_2.entitlements";
				CODE_SIGN_STYLE = Automatic;
				COMBINE_HIDPI_IMAGES = YES;
				CURRENT_PROJECT_VERSION = 1;
				ENABLE_PREVIEWS = YES;
				GENERATE_INFOPLIST_FILE = YES;
				INFOPLIST_KEY_NSHumanReadableCopyright = "";
				LD_RUNPATH_SEARCH_PATHS = (
					"$(inherited)",
					"@executable_path/../Frameworks",
				);
				MARKETING_VERSION = 1.0;
				PRODUCT_BUNDLE_IDENTIFIER = "andy.Overlay-Timer-2";
				PRODUCT_NAME = "$(TARGET_NAME)";
				REGISTER_APP_GROUPS = YES;
				SWIFT_EMIT_LOC_STRINGS = YES;
				SWIFT_VERSION = 5.0;
			};
			name = Debug;
		};
		C2210B282EE595B000CF6A89 /* Release */ = {
			isa = XCBuildConfiguration;
			buildSettings = {
				ASSETCATALOG_COMPILER_APPICON_NAME = AppIcon;
				ASSETCATALOG_COMPILER_GLOBAL_ACCENT_COLOR_NAME = AccentColor;
				CODE_SIGN_ENTITLEMENTS = "Overlay Timer 2/Overlay_Timer_2.entitlements";
				CODE_SIGN_STYLE = Automatic;
				COMBINE_HIDPI_IMAGES = YES;
				CURRENT_PROJECT_VERSION = 1;
				ENABLE_PREVIEWS = YES;
				GENERATE_INFOPLIST_FILE = YES;
				INFOPLIST_KEY_NSHumanReadableCopyright = "";
				LD_RUNPATH_SEARCH_PATHS = (
					"$(inherited)",
					"@executable_path/../Frameworks",
				);
				MARKETING_VERSION = 1.0;
				PRODUCT_BUNDLE_IDENTIFIER = "andy.Overlay-Timer-2";
				PRODUCT_NAME = "$(TARGET_NAME)";
				REGISTER_APP_GROUPS = YES;
				SWIFT_EMIT_LOC_STRINGS = YES;
				SWIFT_VERSION = 5.0;
			};
			name = Release;
		};
		C2210B2A2EE595B000CF6A89 /* Debug */ = {
			isa = XCBuildConfiguration;
			buildSettings = {
				BUNDLE_LOADER = "$(TEST_HOST)";
				CODE_SIGN_STYLE = Automatic;
				CURRENT_PROJECT_VERSION = 1;
				GENERATE_INFOPLIST_FILE = YES;
				MACOSX_DEPLOYMENT_TARGET = 15.5;
				MARKETING_VERSION = 1.0;
				PRODUCT_BUNDLE_IDENTIFIER = "andy.Overlay-Timer-2Tests";
				PRODUCT_NAME = "$(TARGET_NAME)";
				SWIFT_EMIT_LOC_STRINGS = NO;
				SWIFT_VERSION = 5.0;
				TEST_HOST = "$(BUILT_PRODUCTS_DIR)/Overlay Timer 2.app/$(BUNDLE_EXECUTABLE_FOLDER_PATH)/Overlay Timer 2";
			};
			name = Debug;
		};
		C2210B2B2EE595B000CF6A89 /* Release */ = {
			isa = XCBuildConfiguration;
			buildSettings = {
				BUNDLE_LOADER = "$(TEST_HOST)";
				CODE_SIGN_STYLE = Automatic;
				CURRENT_PROJECT_VERSION = 1;
				GENERATE_INFOPLIST_FILE = YES;
				MACOSX_DEPLOYMENT_TARGET = 15.5;
				MARKETING_VERSION = 1.0;
				PRODUCT_BUNDLE_IDENTIFIER = "andy.Overlay-Timer-2Tests";
				PRODUCT_NAME = "$(TARGET_NAME)";
				SWIFT_EMIT_LOC_STRINGS = NO;
				SWIFT_VERSION = 5.0;
				TEST_HOST = "$(BUILT_PRODUCTS_DIR)/Overlay Timer 2.app/$(BUNDLE_EXECUTABLE_FOLDER_PATH)/Overlay Timer 2";
			};
			name = Release;
		};
		C2210B2D2EE595B000CF6A89 /* Debug */ = {
			isa = XCBuildConfiguration;
			buildSettings = {
				CODE_SIGN_STYLE = Automatic;
				CURRENT_PROJECT_VERSION = 1;
				GENERATE_INFOPLIST_FILE = YES;
				MARKETING_VERSION = 1.0;
				PRODUCT_BUNDLE_IDENTIFIER = "andy.Overlay-Timer-2UITests";
				PRODUCT_NAME = "$(TARGET_NAME)";
				SWIFT_EMIT_LOC_STRINGS = NO;
				SWIFT_VERSION = 5.0;
				TEST_TARGET_NAME = "Overlay Timer 2";
			};
			name = Debug;
		};
		C2210B2E2EE595B000CF6A89 /* Release */ = {
			isa = XCBuildConfiguration;
			buildSettings = {
				CODE_SIGN_STYLE = Automatic;
				CURRENT_PROJECT_VERSION = 1;
				GENERATE_INFOPLIST_FILE = YES;
				MARKETING_VERSION = 1.0;
				PRODUCT_BUNDLE_IDENTIFIER = "andy.Overlay-Timer-2UITests";
				PRODUCT_NAME = "$(TARGET_NAME)";
				SWIFT_EMIT_LOC_STRINGS = NO;
				SWIFT_VERSION = 5.0;
				TEST_TARGET_NAME = "Overlay Timer 2";
			};
			name = Release;
		};
/* End XCBuildConfiguration section */

/* Begin XCConfigurationList section */
		C2210AFF2EE595AE00CF6A89 /* Build configuration list for PBXProject "Overlay Timer 2" */ = {
			isa = XCConfigurationList;
			buildConfigurations = (
				C2210B242EE595B000CF6A89 /* Debug */,
				C2210B252EE595B000CF6A89 /* Release */,
			);
			defaultConfigurationIsVisible = 0;
			defaultConfigurationName = Release;
		};
		C2210B262EE595B000CF6A89 /* Build configuration list for PBXNativeTarget "Overlay Timer 2" */ = {
			isa = XCConfigurationList;
			buildConfigurations = (
				C2210B272EE595B000CF6A89 /* Debug */,
				C2210B282EE595B000CF6A89 /* Release */,
			);
			defaultConfigurationIsVisible = 0;
			defaultConfigurationName = Release;
		};
		C2210B292EE595B000CF6A89 /* Build configuration list for PBXNativeTarget "Overlay Timer 2Tests" */ = {
			isa = XCConfigurationList;
			buildConfigurations = (
				C2210B2A2EE595B000CF6A89 /* Debug */,
				C2210B2B2EE595B000CF6A89 /* Release */,
			);
			defaultConfigurationIsVisible = 0;
			defaultConfigurationName = Release;
		};
		C2210B2C2EE595B000CF6A89 /* Build configuration list for PBXNativeTarget "Overlay Timer 2UITests" */ = {
			isa = XCConfigurationList;
			buildConfigurations = (
				C2210B2D2EE595B000CF6A89 /* Debug */,
				C2210B2E2EE595B000CF6A89 /* Release */,
			);
			defaultConfigurationIsVisible = 0;
			defaultConfigurationName = Release;
		};
/* End XCConfigurationList section */
	};
	rootObject = C2210AFC2EE595AE00CF6A89 /* Project object */;
}
